
Microsoft Visual Studio Solution File, Format Version 11.00
# Visual C++ Express 2010
Project("{8BC9CEB8-8B4A-11D0-8D11-00A0C91BC942}") = "wxImageView", "wxImageView.vcxproj", "{7F00C9D6-CCE5-4D64-9DA9-E9139078D849}"
EndProject
Project("{8BC9CEB8-8B4A-11D0-8D11-00A0C91BC942}") = "ImageDebugLib", "ImageDebugLib\ImageDebugLib.vcxproj", "{9CFFD0EB-F4E7-45E8-90F6-944F7AC8B4A5}"
EndProject
Global
	GlobalSection(SolutionConfigurationPlatforms) = preSolution
		Debug|Win32 = Debug|Win32
		Release|Win32 = Release|Win32
	EndGlobalSection
	GlobalSection(ProjectConfigurationPlatforms) = postSolution
		{7F00C9D6-CCE5-4D64-9DA9-E9139078D849}.Debug|Win32.ActiveCfg = Debug|Win32
		{7F00C9D6-CCE5-4D64-9DA9-E9139078D849}.Debug|Win32.Build.0 = Debug|Win32
		{7F00C9D6-CCE5-4D64-9DA9-E9139078D849}.Release|Win32.ActiveCfg = Release|Win32
		{7F00C9D6-CCE5-4D64-9DA9-E9139078D849}.Release|Win32.Build.0 = Release|Win32
		{9CFFD0EB-F4E7-45E8-90F6-944F7AC8B4A5}.Debug|Win32.ActiveCfg = Debug|Win32
		{9CFFD0EB-F4E7-45E8-90F6-944F7AC8B4A5}.Debug|Win32.Build.0 = Debug|Win32
		{9CFFD0EB-F4E7-45E8-90F6-944F7AC8B4A5}.Release|Win32.ActiveCfg = Release|Win32
		{9CFFD0EB-F4E7-45E8-90F6-944F7AC8B4A5}.Release|Win32.Build.0 = Release|Win32
	EndGlobalSection
	GlobalSection(SolutionProperties) = preSolution
		HideSolutionNode = FALSE
	EndGlobalSection
EndGlobal
